
Microsoft Visual Studio Solution File, Format Version 12.00
# Visual Studio 15
VisualStudioVersion = 15.0.28307.489
MinimumVisualStudioVersion = 10.0.40219.1
Project("{FAE04EC0-301F-11D3-BF4B-00C04F79EFBC}") = "Otopark", "Otopark\Otopark.csproj", "{842A6E5A-C7E7-4325-842A-299062734A52}"
EndProject
Global
	GlobalSection(SolutionConfigurationPlatforms) = preSolution
		Debug|Any CPU = Debug|Any CPU
		Release|Any CPU = Release|Any CPU
	EndGlobalSection
	GlobalSection(ProjectConfigurationPlatforms) = postSolution
		{842A6E5A-C7E7-4325-842A-299062734A52}.Debug|Any CPU.ActiveCfg = Debug|Any CPU
		{842A6E5A-C7E7-4325-842A-299062734A52}.Debug|Any CPU.Build.0 = Debug|Any CPU
		{842A6E5A-C7E7-4325-842A-299062734A52}.Release|Any CPU.ActiveCfg = Release|Any CPU
		{842A6E5A-C7E7-4325-842A-299062734A52}.Release|Any CPU.Build.0 = Release|Any CPU
	EndGlobalSection
	GlobalSection(SolutionProperties) = preSolution
		HideSolutionNode = FALSE
	EndGlobalSection
	GlobalSection(ExtensibilityGlobals) = postSolution
		SolutionGuid = {E35E2D0F-70D3-44A6-9466-2010CB94D808}
	EndGlobalSection
EndGlobal
